
Microsoft Visual Studio Solution File, Format Version 12.00
# Visual Studio Version 16
VisualStudioVersion = 16.0.29911.84
MinimumVisualStudioVersion = 10.0.40219.1
Project("{9A19103F-16F7-4668-BE54-9A1E7A4F7556}") = "Kalanchiyam.API.Service", "Kalanchiyam.API\Kalanchiyam.API.Service.csproj", "{953C1E1F-072C-4526-A42E-21D23C5F3C95}"
EndProject
Project("{9A19103F-16F7-4668-BE54-9A1E7A4F7556}") = "Kalanchiyam.API.Security", "Kalanchiyam.API.Security\Kalanchiyam.API.Security.csproj", "{4E97B25C-2FE2-45A9-AD0A-3D34A57C2E8D}"
EndProject
Global
	GlobalSection(SolutionConfigurationPlatforms) = preSolution
		Debug|Any CPU = Debug|Any CPU
		Release|Any CPU = Release|Any CPU
	EndGlobalSection
	GlobalSection(ProjectConfigurationPlatforms) = postSolution
		{953C1E1F-072C-4526-A42E-21D23C5F3C95}.Debug|Any CPU.ActiveCfg = Debug|Any CPU
		{953C1E1F-072C-4526-A42E-21D23C5F3C95}.Debug|Any CPU.Build.0 = Debug|Any CPU
		{953C1E1F-072C-4526-A42E-21D23C5F3C95}.Release|Any CPU.ActiveCfg = Release|Any CPU
		{953C1E1F-072C-4526-A42E-21D23C5F3C95}.Release|Any CPU.Build.0 = Release|Any CPU
		{4E97B25C-2FE2-45A9-AD0A-3D34A57C2E8D}.Debug|Any CPU.ActiveCfg = Debug|Any CPU
		{4E97B25C-2FE2-45A9-AD0A-3D34A57C2E8D}.Debug|Any CPU.Build.0 = Debug|Any CPU
		{4E97B25C-2FE2-45A9-AD0A-3D34A57C2E8D}.Release|Any CPU.ActiveCfg = Release|Any CPU
		{4E97B25C-2FE2-45A9-AD0A-3D34A57C2E8D}.Release|Any CPU.Build.0 = Release|Any CPU
	EndGlobalSection
	GlobalSection(SolutionProperties) = preSolution
		HideSolutionNode = FALSE
	EndGlobalSection
	GlobalSection(ExtensibilityGlobals) = postSolution
		SolutionGuid = {B6A0A898-D231-4615-97D5-80DE2466C2E3}
	EndGlobalSection
EndGlobal
